<Solution>
  <Folder Name="/aspire/">
    <Project Path="aspire/NovaDB.AppHost/NovaDB.AppHost.csproj" />
  </Folder>
  <Folder Name="/benchmarks/">
    <Project Path="benchmarks/NovaDB.Benchmarks/NovaDB.Benchmarks.csproj" />
  </Folder>
  <Folder Name="/src/">
    <Project Path="src/NovaDB.Admin/NovaDB.Admin.csproj" />
    <Project Path="src/NovaDB.Commands/NovaDB.Commands.csproj" />
    <Project Path="src/NovaDB.Configuration/NovaDB.Configuration.csproj" />
    <Project Path="src/NovaDB.Contracts/NovaDB.Contracts.csproj" />
    <Project Path="src/NovaDB.Core/NovaDB.Core.csproj" />
    <Project Path="src/NovaDB.Chaos/NovaDB.Chaos.csproj" />
    <Project Path="src/NovaDB.Journal/NovaDB.Journal.csproj" />
    <Project Path="src/NovaDB.Monitoring/NovaDB.Monitoring.csproj" />
    <Project Path="src/NovaDB.Networking/NovaDB.Networking.csproj" />
    <Project Path="src/NovaDB.Persistence/NovaDB.Persistence.csproj" />
    <Project Path="src/NovaDB.Protocol/NovaDB.Protocol.csproj" />
    <Project Path="src/NovaDB.PubSub/NovaDB.PubSub.csproj" />
    <Project Path="src/NovaDB.Replication/NovaDB.Replication.csproj" />
    <Project Path="src/NovaDB.Server/NovaDB.Server.csproj" />
    <Project Path="src/NovaDB.ServiceDefaults/NovaDB.ServiceDefaults.csproj" />
    <Project Path="src/NovaDB.Storage/NovaDB.Storage.csproj" />
    <Project Path="src/NovaDB.Transactions/NovaDB.Transactions.csproj" />
  </Folder>
  <Folder Name="/tests/">
    <Project Path="tests/AdminTests/AdminTests.csproj" />
    <Project Path="tests/IntegrationTests/IntegrationTests.csproj" />
    <Project Path="tests/LoadTests/LoadTests.csproj" />
    <Project Path="tests/ProtocolTests/ProtocolTests.csproj" />
    <Project Path="tests/UnitTests/UnitTests.csproj" />
  </Folder>
</Solution>
